github.com/go-chi/chi/v5 v5.0.12 h1:9euLV5sTrTNTRUU9POmDUvfxyj6LAABLUcEWO+JJb4s=
github.com/go-chi/chi/v5 v5.0.12/go.mod h1:DslCQbL2OYiznFReuXYUmQ2hGd1aDpCnlMNITLSKoi8=
github.com/xudefa/enhance v0.0.8 h1:HLmGo3GoMPJAdYzn5Drgr5TR+t6G0TogZwOkM7DdlTM=
github.com/xudefa/enhance v0.0.8/go.mod h1:VOv2ttoc5XsTM316hkrz5cZHof8bvpfXQlDczlhxMhs=
github.com/xudefa/enhance/starter/chi v0.0.8 h1:DbVWlF8/JKWy0EsDNm7AfIReXIpO4kEtytD+PkSp/os=
github.com/xudefa/enhance/starter/chi v0.0.8/go.mod h1:9ywGGqZay19nQEuX55I3wFrPym6w1Lsm/JaAXFJZ1/I=
