github.com/golang-jwt/jwt/v5 v5.3.1 h1:kYf81DTWFe7t+1VvL7eS+jKFVWaUnK9cB1qbwn63YCY=
github.com/golang-jwt/jwt/v5 v5.3.1/go.mod h1:fxCRLWMO43lRc8nhHWY6LGqRcf+1gQWArsqaEUEa5bE=
github.com/xudefa/enhance v0.0.2 h1:tFuTPpBJUIvBFqbKoKkQ7TKX/Zr01Q/wi3Nh7a+jjg8=
github.com/xudefa/enhance v0.0.2/go.mod h1:VOv2ttoc5XsTM316hkrz5cZHof8bvpfXQlDczlhxMhs=
