github.com/xudefa/enhance v0.0.3 h1:T5vZLtOFaRQkGm8vncIB8tlXlfBTfhjdtk9gd3bMT0Q=
github.com/xudefa/enhance v0.0.3/go.mod h1:VOv2ttoc5XsTM316hkrz5cZHof8bvpfXQlDczlhxMhs=
golang.org/x/time v0.5.0 h1:o7cqy6amK/52YcAKIPlM3a+Fpj35zvRj2TP+e1xFSfk=
golang.org/x/time v0.5.0/go.mod h1:3BpzKBy/shNhVucY/MWOyx10tF3SFh9QdLuxbVysPQM=
